
Microsoft Visual Studio Solution File, Format Version 12.00
# Visual Studio Version 16
VisualStudioVersion = 16.0.30804.86
MinimumVisualStudioVersion = 10.0.40219.1
Project("{FAE04EC0-301F-11D3-BF4B-00C04F79EFBC}") = "Headway.Core", "Headway.Core\Headway.Core.csproj", "{0F9913B0-1A13-4715-AEDA-86AD3993B08A}"
EndProject
Global
	GlobalSection(SolutionConfigurationPlatforms) = preSolution
		Debug|Any CPU = Debug|Any CPU
		Release|Any CPU = Release|Any CPU
	EndGlobalSection
	GlobalSection(ProjectConfigurationPlatforms) = postSolution
		{0F9913B0-1A13-4715-AEDA-86AD3993B08A}.Debug|Any CPU.ActiveCfg = Debug|Any CPU
		{0F9913B0-1A13-4715-AEDA-86AD3993B08A}.Debug|Any CPU.Build.0 = Debug|Any CPU
		{0F9913B0-1A13-4715-AEDA-86AD3993B08A}.Release|Any CPU.ActiveCfg = Release|Any CPU
		{0F9913B0-1A13-4715-AEDA-86AD3993B08A}.Release|Any CPU.Build.0 = Release|Any CPU
	EndGlobalSection
	GlobalSection(SolutionProperties) = preSolution
		HideSolutionNode = FALSE
	EndGlobalSection
	GlobalSection(ExtensibilityGlobals) = postSolution
		SolutionGuid = {D228FCE5-6210-452B-90AF-7CE00C1374FA}
	EndGlobalSection
EndGlobal
