
Microsoft Visual Studio Solution File, Format Version 12.00
# Visual Studio Version 16
VisualStudioVersion = 16.0.30804.86
MinimumVisualStudioVersion = 10.0.40219.1
Project("{FAE04EC0-301F-11D3-BF4B-00C04F79EFBC}") = "Headway.Server", "Headway.Server\Headway.Server.csproj", "{93BCD26B-E737-42CA-AF0C-E3C17F353568}"
EndProject
Global
	GlobalSection(SolutionConfigurationPlatforms) = preSolution
		Debug|Any CPU = Debug|Any CPU
		Release|Any CPU = Release|Any CPU
	EndGlobalSection
	GlobalSection(ProjectConfigurationPlatforms) = postSolution
		{93BCD26B-E737-42CA-AF0C-E3C17F353568}.Debug|Any CPU.ActiveCfg = Debug|Any CPU
		{93BCD26B-E737-42CA-AF0C-E3C17F353568}.Debug|Any CPU.Build.0 = Debug|Any CPU
		{93BCD26B-E737-42CA-AF0C-E3C17F353568}.Release|Any CPU.ActiveCfg = Release|Any CPU
		{93BCD26B-E737-42CA-AF0C-E3C17F353568}.Release|Any CPU.Build.0 = Release|Any CPU
	EndGlobalSection
	GlobalSection(SolutionProperties) = preSolution
		HideSolutionNode = FALSE
	EndGlobalSection
	GlobalSection(ExtensibilityGlobals) = postSolution
		SolutionGuid = {86803F28-AA33-4435-8D31-A5F3546E5F90}
	EndGlobalSection
EndGlobal
