
Microsoft Visual Studio Solution File, Format Version 12.00
# Visual Studio Version 17
VisualStudioVersion = 17.0.31521.260
MinimumVisualStudioVersion = 10.0.40219.1
Project("{9A19103F-16F7-4668-BE54-9A1E7A4F7556}") = "Headway.Core", "Headway.Core\Headway.Core.csproj", "{D3B1EC08-539B-486F-B3AE-F1793A67AE22}"
EndProject
Project("{9A19103F-16F7-4668-BE54-9A1E7A4F7556}") = "Headway.Repository", "Headway.Repository\Headway.Repository.csproj", "{780BD36D-CA73-4E04-A3AD-1FC25CF16A65}"
EndProject
Project("{9A19103F-16F7-4668-BE54-9A1E7A4F7556}") = "Headway.WebApi", "Headway.WebApi\Headway.WebApi.csproj", "{8CEBE0B0-5543-4D58-ADB5-9944449011FD}"
EndProject
Project("{9A19103F-16F7-4668-BE54-9A1E7A4F7556}") = "Headway.App.Blazor.WebAssembly", "Headway.App.Blazor.WebAssembly\Headway.App.Blazor.WebAssembly.csproj", "{17F66A51-074F-4549-949D-558159A3350F}"
EndProject
Project("{9A19103F-16F7-4668-BE54-9A1E7A4F7556}") = "Headway.App.Blazor.Server", "Headway.App.Blazor.Server\Headway.App.Blazor.Server.csproj", "{1A4B8472-4825-4E41-AFB5-DBBCB84F8EEF}"
EndProject
Project("{2150E333-8FDC-42A3-9474-1A3956D46DE8}") = "Utilities", "Utilities", "{E79B3B54-22DF-4B81-A1CA-F52C2B920D0C}"
EndProject
Project("{9A19103F-16F7-4668-BE54-9A1E7A4F7556}") = "Headway.IdentityManager", "Utilities\Headway.IdentityManager\Headway.IdentityManager.csproj", "{2CFEABC4-B32E-45B7-B12C-1C9B139F3CDA}"
EndProject
Project("{9A19103F-16F7-4668-BE54-9A1E7A4F7556}") = "Headway.IdentityProvider", "Utilities\Headway.IdentityProvider\Headway.IdentityProvider.csproj", "{FCB4BAB8-FC8B-443A-8338-35633C98A36C}"
EndProject
Project("{9A19103F-16F7-4668-BE54-9A1E7A4F7556}") = "Headway.MigrationsSqlite", "Utilities\Headway.MigrationsSqlite\Headway.MigrationsSqlite.csproj", "{BE89438D-63A4-4519-B12E-B64580A17E53}"
EndProject
Project("{9A19103F-16F7-4668-BE54-9A1E7A4F7556}") = "Headway.MigrationsSqlServer", "Utilities\Headway.MigrationsSqlServer\Headway.MigrationsSqlServer.csproj", "{1CDD388A-BCCF-461A-9527-B952592823A7}"
EndProject
Project("{9A19103F-16F7-4668-BE54-9A1E7A4F7556}") = "Headway.Blazor.Shared", "Headway.Blazor.Shared\Headway.Blazor.Shared.csproj", "{E10CDF03-8AC6-455A-8CAA-3C27A4A3C91A}"
EndProject
Project("{9A19103F-16F7-4668-BE54-9A1E7A4F7556}") = "Headway.Blazor.Controls", "Headway.Blazor.Controls\Headway.Blazor.Controls.csproj", "{E5504993-547C-4B8B-A208-DB4B9FDEDDBF}"
EndProject
Project("{9A19103F-16F7-4668-BE54-9A1E7A4F7556}") = "Headway.RequestApi", "Headway.RequestApi\Headway.RequestApi.csproj", "{B4A2729D-722F-4F68-B95C-D7BDC545ACB6}"
EndProject
Project("{9A19103F-16F7-4668-BE54-9A1E7A4F7556}") = "Headway.SeedData", "Utilities\Headway.SeedData\Headway.SeedData.csproj", "{187264DE-EC5E-45D2-895D-9930F294E3EA}"
EndProject
Project("{FAE04EC0-301F-11D3-BF4B-00C04F79EFBC}") = "Headway.Data.Model", "Utilities\Headway.Data.Model\Headway.Data.Model.csproj", "{D6BE720E-0FF2-4D81-A694-289BE6E25E5B}"
EndProject
Project("{9A19103F-16F7-4668-BE54-9A1E7A4F7556}") = "Headway.Blazor.Theme", "Headway.Blazor.Theme\Headway.Blazor.Theme.csproj", "{7A6BBE3B-A9B5-4993-9739-26B5F617E7A5}"
EndProject
Project("{2150E333-8FDC-42A3-9474-1A3956D46DE8}") = "Modules", "Modules", "{D1DCF42A-AD3D-435E-8F0D-95CD550FC81F}"
EndProject
Project("{9A19103F-16F7-4668-BE54-9A1E7A4F7556}") = "RemediatR.Core", "Modules\RemediatR.Core\RemediatR.Core.csproj", "{DC2E4BFC-DDC5-4F6A-862F-A193833118AF}"
EndProject
Project("{9A19103F-16F7-4668-BE54-9A1E7A4F7556}") = "RemediatR.Repository", "Modules\RemediatR.Repository\RemediatR.Repository.csproj", "{50CAFE32-33DB-40B5-B51D-D35934B04921}"
EndProject
Global
	GlobalSection(SolutionConfigurationPlatforms) = preSolution
		Debug|Any CPU = Debug|Any CPU
		Release|Any CPU = Release|Any CPU
	EndGlobalSection
	GlobalSection(ProjectConfigurationPlatforms) = postSolution
		{D3B1EC08-539B-486F-B3AE-F1793A67AE22}.Debug|Any CPU.ActiveCfg = Debug|Any CPU
		{D3B1EC08-539B-486F-B3AE-F1793A67AE22}.Debug|Any CPU.Build.0 = Debug|Any CPU
		{D3B1EC08-539B-486F-B3AE-F1793A67AE22}.Release|Any CPU.ActiveCfg = Release|Any CPU
		{D3B1EC08-539B-486F-B3AE-F1793A67AE22}.Release|Any CPU.Build.0 = Release|Any CPU
		{780BD36D-CA73-4E04-A3AD-1FC25CF16A65}.Debug|Any CPU.ActiveCfg = Debug|Any CPU
		{780BD36D-CA73-4E04-A3AD-1FC25CF16A65}.Debug|Any CPU.Build.0 = Debug|Any CPU
		{780BD36D-CA73-4E04-A3AD-1FC25CF16A65}.Release|Any CPU.ActiveCfg = Release|Any CPU
		{780BD36D-CA73-4E04-A3AD-1FC25CF16A65}.Release|Any CPU.Build.0 = Release|Any CPU
		{8CEBE0B0-5543-4D58-ADB5-9944449011FD}.Debug|Any CPU.ActiveCfg = Debug|Any CPU
		{8CEBE0B0-5543-4D58-ADB5-9944449011FD}.Debug|Any CPU.Build.0 = Debug|Any CPU
		{8CEBE0B0-5543-4D58-ADB5-9944449011FD}.Release|Any CPU.ActiveCfg = Release|Any CPU
		{8CEBE0B0-5543-4D58-ADB5-9944449011FD}.Release|Any CPU.Build.0 = Release|Any CPU
		{17F66A51-074F-4549-949D-558159A3350F}.Debug|Any CPU.ActiveCfg = Debug|Any CPU
		{17F66A51-074F-4549-949D-558159A3350F}.Debug|Any CPU.Build.0 = Debug|Any CPU
		{17F66A51-074F-4549-949D-558159A3350F}.Release|Any CPU.ActiveCfg = Release|Any CPU
		{17F66A51-074F-4549-949D-558159A3350F}.Release|Any CPU.Build.0 = Release|Any CPU
		{1A4B8472-4825-4E41-AFB5-DBBCB84F8EEF}.Debug|Any CPU.ActiveCfg = Debug|Any CPU
		{1A4B8472-4825-4E41-AFB5-DBBCB84F8EEF}.Debug|Any CPU.Build.0 = Debug|Any CPU
		{1A4B8472-4825-4E41-AFB5-DBBCB84F8EEF}.Release|Any CPU.ActiveCfg = Release|Any CPU
		{1A4B8472-4825-4E41-AFB5-DBBCB84F8EEF}.Release|Any CPU.Build.0 = Release|Any CPU
		{2CFEABC4-B32E-45B7-B12C-1C9B139F3CDA}.Debug|Any CPU.ActiveCfg = Debug|Any CPU
		{2CFEABC4-B32E-45B7-B12C-1C9B139F3CDA}.Debug|Any CPU.Build.0 = Debug|Any CPU
		{2CFEABC4-B32E-45B7-B12C-1C9B139F3CDA}.Release|Any CPU.ActiveCfg = Release|Any CPU
		{2CFEABC4-B32E-45B7-B12C-1C9B139F3CDA}.Release|Any CPU.Build.0 = Release|Any CPU
		{FCB4BAB8-FC8B-443A-8338-35633C98A36C}.Debug|Any CPU.ActiveCfg = Debug|Any CPU
		{FCB4BAB8-FC8B-443A-8338-35633C98A36C}.Debug|Any CPU.Build.0 = Debug|Any CPU
		{FCB4BAB8-FC8B-443A-8338-35633C98A36C}.Release|Any CPU.ActiveCfg = Release|Any CPU
		{FCB4BAB8-FC8B-443A-8338-35633C98A36C}.Release|Any CPU.Build.0 = Release|Any CPU
		{BE89438D-63A4-4519-B12E-B64580A17E53}.Debug|Any CPU.ActiveCfg = Debug|Any CPU
		{BE89438D-63A4-4519-B12E-B64580A17E53}.Debug|Any CPU.Build.0 = Debug|Any CPU
		{BE89438D-63A4-4519-B12E-B64580A17E53}.Release|Any CPU.ActiveCfg = Release|Any CPU
		{BE89438D-63A4-4519-B12E-B64580A17E53}.Release|Any CPU.Build.0 = Release|Any CPU
		{1CDD388A-BCCF-461A-9527-B952592823A7}.Debug|Any CPU.ActiveCfg = Debug|Any CPU
		{1CDD388A-BCCF-461A-9527-B952592823A7}.Debug|Any CPU.Build.0 = Debug|Any CPU
		{1CDD388A-BCCF-461A-9527-B952592823A7}.Release|Any CPU.ActiveCfg = Release|Any CPU
		{1CDD388A-BCCF-461A-9527-B952592823A7}.Release|Any CPU.Build.0 = Release|Any CPU
		{E10CDF03-8AC6-455A-8CAA-3C27A4A3C91A}.Debug|Any CPU.ActiveCfg = Debug|Any CPU
		{E10CDF03-8AC6-455A-8CAA-3C27A4A3C91A}.Debug|Any CPU.Build.0 = Debug|Any CPU
		{E10CDF03-8AC6-455A-8CAA-3C27A4A3C91A}.Release|Any CPU.ActiveCfg = Release|Any CPU
		{E10CDF03-8AC6-455A-8CAA-3C27A4A3C91A}.Release|Any CPU.Build.0 = Release|Any CPU
		{E5504993-547C-4B8B-A208-DB4B9FDEDDBF}.Debug|Any CPU.ActiveCfg = Debug|Any CPU
		{E5504993-547C-4B8B-A208-DB4B9FDEDDBF}.Debug|Any CPU.Build.0 = Debug|Any CPU
		{E5504993-547C-4B8B-A208-DB4B9FDEDDBF}.Release|Any CPU.ActiveCfg = Release|Any CPU
		{E5504993-547C-4B8B-A208-DB4B9FDEDDBF}.Release|Any CPU.Build.0 = Release|Any CPU
		{B4A2729D-722F-4F68-B95C-D7BDC545ACB6}.Debug|Any CPU.ActiveCfg = Debug|Any CPU
		{B4A2729D-722F-4F68-B95C-D7BDC545ACB6}.Debug|Any CPU.Build.0 = Debug|Any CPU
		{B4A2729D-722F-4F68-B95C-D7BDC545ACB6}.Release|Any CPU.ActiveCfg = Release|Any CPU
		{B4A2729D-722F-4F68-B95C-D7BDC545ACB6}.Release|Any CPU.Build.0 = Release|Any CPU
		{187264DE-EC5E-45D2-895D-9930F294E3EA}.Debug|Any CPU.ActiveCfg = Debug|Any CPU
		{187264DE-EC5E-45D2-895D-9930F294E3EA}.Debug|Any CPU.Build.0 = Debug|Any CPU
		{187264DE-EC5E-45D2-895D-9930F294E3EA}.Release|Any CPU.ActiveCfg = Release|Any CPU
		{187264DE-EC5E-45D2-895D-9930F294E3EA}.Release|Any CPU.Build.0 = Release|Any CPU
		{D6BE720E-0FF2-4D81-A694-289BE6E25E5B}.Debug|Any CPU.ActiveCfg = Debug|Any CPU
		{D6BE720E-0FF2-4D81-A694-289BE6E25E5B}.Debug|Any CPU.Build.0 = Debug|Any CPU
		{D6BE720E-0FF2-4D81-A694-289BE6E25E5B}.Release|Any CPU.ActiveCfg = Release|Any CPU
		{D6BE720E-0FF2-4D81-A694-289BE6E25E5B}.Release|Any CPU.Build.0 = Release|Any CPU
		{7A6BBE3B-A9B5-4993-9739-26B5F617E7A5}.Debug|Any CPU.ActiveCfg = Debug|Any CPU
		{7A6BBE3B-A9B5-4993-9739-26B5F617E7A5}.Debug|Any CPU.Build.0 = Debug|Any CPU
		{7A6BBE3B-A9B5-4993-9739-26B5F617E7A5}.Release|Any CPU.ActiveCfg = Release|Any CPU
		{7A6BBE3B-A9B5-4993-9739-26B5F617E7A5}.Release|Any CPU.Build.0 = Release|Any CPU
		{DC2E4BFC-DDC5-4F6A-862F-A193833118AF}.Debug|Any CPU.ActiveCfg = Debug|Any CPU
		{DC2E4BFC-DDC5-4F6A-862F-A193833118AF}.Debug|Any CPU.Build.0 = Debug|Any CPU
		{DC2E4BFC-DDC5-4F6A-862F-A193833118AF}.Release|Any CPU.ActiveCfg = Release|Any CPU
		{DC2E4BFC-DDC5-4F6A-862F-A193833118AF}.Release|Any CPU.Build.0 = Release|Any CPU
		{50CAFE32-33DB-40B5-B51D-D35934B04921}.Debug|Any CPU.ActiveCfg = Debug|Any CPU
		{50CAFE32-33DB-40B5-B51D-D35934B04921}.Debug|Any CPU.Build.0 = Debug|Any CPU
		{50CAFE32-33DB-40B5-B51D-D35934B04921}.Release|Any CPU.ActiveCfg = Release|Any CPU
		{50CAFE32-33DB-40B5-B51D-D35934B04921}.Release|Any CPU.Build.0 = Release|Any CPU
	EndGlobalSection
	GlobalSection(SolutionProperties) = preSolution
		HideSolutionNode = FALSE
	EndGlobalSection
	GlobalSection(NestedProjects) = preSolution
		{2CFEABC4-B32E-45B7-B12C-1C9B139F3CDA} = {E79B3B54-22DF-4B81-A1CA-F52C2B920D0C}
		{FCB4BAB8-FC8B-443A-8338-35633C98A36C} = {E79B3B54-22DF-4B81-A1CA-F52C2B920D0C}
		{BE89438D-63A4-4519-B12E-B64580A17E53} = {E79B3B54-22DF-4B81-A1CA-F52C2B920D0C}
		{1CDD388A-BCCF-461A-9527-B952592823A7} = {E79B3B54-22DF-4B81-A1CA-F52C2B920D0C}
		{187264DE-EC5E-45D2-895D-9930F294E3EA} = {E79B3B54-22DF-4B81-A1CA-F52C2B920D0C}
		{D6BE720E-0FF2-4D81-A694-289BE6E25E5B} = {E79B3B54-22DF-4B81-A1CA-F52C2B920D0C}
		{DC2E4BFC-DDC5-4F6A-862F-A193833118AF} = {D1DCF42A-AD3D-435E-8F0D-95CD550FC81F}
		{50CAFE32-33DB-40B5-B51D-D35934B04921} = {D1DCF42A-AD3D-435E-8F0D-95CD550FC81F}
	EndGlobalSection
	GlobalSection(ExtensibilityGlobals) = postSolution
		SolutionGuid = {E425CDCE-DCB2-45E6-B010-7B862B9FC224}
	EndGlobalSection
EndGlobal
